{
  "originHash" : "fdcfd49e72a236923b6f37e42338eccc8467f41802e57a17be03b8b0ceafae91",
  "pins" : [
    {
      "identity" : "geofencing-ios-sdk-spm-release",
      "kind" : "remoteSourceControl",
      "location" : "https://github.com/Woosmap/geofencing-ios-sdk-spm-release",
      "state" : {
        "revision" : "64ebfeeab70d7fc69a8ab1068a7c989b48e0e335",
        "version" : "4.3.14-beta2"
      }
    },
    {
      "identity" : "sdk-ios-distribution",
      "kind" : "remoteSourceControl",
      "location" : "https://github.com/Woosmap/sdk-ios-distribution",
      "state" : {
        "revision" : "3c82464449cbb24a3f0736ce00104c8227fe7cba",
        "version" : "1.1.0"
      }
    }
  ],
  "version" : 3
}
